{
  "name": "interaction-flow-kit",
  "version": "0.1.0",
  "lockfileVersion": 3,
  "requires": true,
  "packages": {
    "": {
      "name": "interaction-flow-kit",
      "version": "0.1.0",
      "license": "MIT",
      "bin": {
        "ifk": "bin/interaction-flow-kit.mjs",
        "interaction-flow-kit": "bin/interaction-flow-kit.mjs"
      },
      "engines": {
        "node": ">=20"
      }
    }
  }
}
